{
  "name": "hyperbridge-token-bridge",
  "lockfileVersion": 3,
  "requires": true,
  "packages": {
    "": {
      "dependencies": {
        "@hyperbridge/core": "^1.0.1"
      }
    },
    "node_modules/@hyperbridge/core": {
      "version": "1.0.1",
      "resolved": "https://registry.npmjs.org/@hyperbridge/core/-/core-1.0.1.tgz",
      "integrity": "sha512-iR5Y+Eoqe3bEWlHycRglB4L3DTFpbtKd1WWpmFFI39eoewS+hWyR+WV8FgNZ317Y5uNNxahVSvlLX+6gxDFZzg==",
      "license": "Apache-2.0",
      "dependencies": {
        "@polytope-labs/solidity-merkle-trees": "^0.3.3",
        "openzeppelin-solidity": "^4.8.1",
        "prettier": "^3.3.3",
        "prettier-plugin-solidity": "^1.3.1"
      }
    },
    "node_modules/@polytope-labs/solidity-merkle-trees": {
      "version": "0.3.4",
      "resolved": "https://registry.npmjs.org/@polytope-labs/solidity-merkle-trees/-/solidity-merkle-trees-0.3.4.tgz",
      "integrity": "sha512-ldLirdWNd7qNi8iRfpwlHCwy/FrVMd5wbsu9qVxx/IyOnbQnzzU816AfL3Zn01iN8DhB5UFLMkQ/HmF+VOLGFA==",
      "license": "Apache-2.0",
      "dependencies": {
        "openzeppelin-solidity": "^4.8.1",
        "prettier": "^3.3.3",
        "prettier-plugin-solidity": "^1.4.1"
      }
    },
    "node_modules/@solidity-parser/parser": {
      "version": "0.20.2",
      "resolved": "https://registry.npmjs.org/@solidity-parser/parser/-/parser-0.20.2.tgz",
      "integrity": "sha512-rbu0bzwNvMcwAjH86hiEAcOeRI2EeK8zCkHDrFykh/Al8mvJeFmjy3UrE7GYQjNwOgbGUUtCn5/k8CB8zIu7QA==",
      "license": "MIT"
    },
    "node_modules/openzeppelin-solidity": {
      "version": "4.8.1",
      "resolved": "https://registry.npmjs.org/openzeppelin-solidity/-/openzeppelin-solidity-4.8.1.tgz",
      "integrity": "sha512-KM0pVpfrCBdifqN2ZeJZFvFuoGz3GmI4Ty/ceKNkcaf7VVWo/rLOfc5EiLh+Ukb5NadNmYo8WMeGhFA8hVWDpg==",
      "license": "MIT",
      "bin": {
        "openzeppelin-contracts-migrate-imports": "scripts/migrate-imports.js"
      }
    },
    "node_modules/prettier": {
      "version": "3.7.1",
      "resolved": "https://registry.npmjs.org/prettier/-/prettier-3.7.1.tgz",
      "integrity": "sha512-RWKXE4qB3u5Z6yz7omJkjWwmTfLdcbv44jUVHC5NpfXwFGzvpQM798FGv/6WNK879tc+Cn0AAyherCl1KjbyZQ==",
      "license": "MIT",
      "bin": {
        "prettier": "bin/prettier.cjs"
      },
      "engines": {
        "node": ">=14"
      },
      "funding": {
        "url": "https://github.com/prettier/prettier?sponsor=1"
      }
    },
    "node_modules/prettier-plugin-solidity": {
      "version": "1.4.3",
      "resolved": "https://registry.npmjs.org/prettier-plugin-solidity/-/prettier-plugin-solidity-1.4.3.tgz",
      "integrity": "sha512-Mrr/iiR9f9IaeGRMZY2ApumXcn/C5Gs3S7B7hWB3gigBFML06C0yEyW86oLp0eqiA0qg+46FaChgLPJCj/pIlg==",
      "license": "MIT",
      "dependencies": {
        "@solidity-parser/parser": "^0.20.1",
        "semver": "^7.7.1"
      },
      "engines": {
        "node": ">=18"
      },
      "peerDependencies": {
        "prettier": ">=2.3.0"
      }
    },
    "node_modules/semver": {
      "version": "7.7.3",
      "resolved": "https://registry.npmjs.org/semver/-/semver-7.7.3.tgz",
      "integrity": "sha512-SdsKMrI9TdgjdweUSR9MweHA4EJ8YxHn8DFaDisvhVlUOe4BF1tLD7GAj0lIqWVl+dPb/rExr0Btby5loQm20Q==",
      "license": "ISC",
      "bin": {
        "semver": "bin/semver.js"
      },
      "engines": {
        "node": ">=10"
      }
    }
  }
}
